{
  "name": "myt2abrp",
  "version": "0.1.0",
  "lockfileVersion": 3,
  "requires": true,
  "packages": {
    "": {
      "name": "myt2abrp",
      "version": "0.1.0",
      "devDependencies": {
        "@bazel/bazelisk": "^1.24.1"
      }
    },
    "node_modules/@bazel/bazelisk": {
      "version": "1.26.0",
      "resolved": "https://registry.npmjs.org/@bazel/bazelisk/-/bazelisk-1.26.0.tgz",
      "integrity": "sha512-bTNcHdGyEQ9r7SczEYUa0gkEQhJo1ld2BjXI8fWBvsUeoHi03QpUs2HZgDbjjrpQFQqG2ZbO7ihZvH8MjhUTHw==",
      "dev": true,
      "license": "Apache-2.0",
      "bin": {
        "bazel": "bazelisk.js",
        "bazelisk": "bazelisk.js"
      }
    }
  }
}
